<?xml version="1.0" encoding="utf-8"?>
<Project ToolsVersion="4.0" xmlns="http://schemas.microsoft.com/developer/msbuild/2003">
  <ItemGroup>
    <ClCompile Include="..\..\Src\GUIndilla.cpp" />
    <ClCompile Include="..\..\Src\main.cpp" />
    <ClCompile Include="..\..\Src\Sound.cpp" />
    <ClCompile Include="..\..\Src\Animation_c.cpp">
      <Filter>Componentes\Graphics</Filter>
    </ClCompile>
    <ClCompile Include="..\..\Src\Camera_c.cpp">
      <Filter>Componentes\Graphics</Filter>
    </ClCompile>
    <ClCompile Include="..\..\Src\CameraController_c.cpp">
      <Filter>Componentes\Input</Filter>
    </ClCompile>
    <ClCompile Include="..\..\Src\Collider_c.cpp">
      <Filter>Componentes\Physics</Filter>
    </ClCompile>
    <ClCompile Include="..\..\Src\Component.cpp">
      <Filter>Kernel</Filter>
    </ClCompile>
    <ClCompile Include="..\..\Src\DataManager.cpp">
      <Filter>Kernel\Managers</Filter>
    </ClCompile>
    <ClCompile Include="..\..\Src\EnemyBehaviour.cpp">
      <Filter>Componentes\Behaviour</Filter>
    </ClCompile>
    <ClCompile Include="..\..\Src\Entity.cpp">
      <Filter>Kernel</Filter>
    </ClCompile>
    <ClCompile Include="..\..\Src\Game.cpp">
      <Filter>Kernel</Filter>
    </ClCompile>
    <ClCompile Include="..\..\Src\ObjectsFactory.cpp">
      <Filter>Kernel</Filter>
    </ClCompile>
    <ClCompile Include="..\..\Src\GameManager_c.cpp">
      <Filter>Kernel\Managers</Filter>
    </ClCompile>
    <ClCompile Include="..\..\Src\GraphicsManager.cpp">
      <Filter>Kernel\Managers</Filter>
    </ClCompile>
    <ClCompile Include="..\..\Src\GUIndilla.cpp">
      <Filter>Kernel</Filter>
    </ClCompile>
    <ClCompile Include="..\..\Src\InputManager.cpp">
      <Filter>Kernel\Managers</Filter>
    </ClCompile>
    <ClCompile Include="..\..\Src\main.cpp">
      <Filter>Kernel</Filter>
    </ClCompile>
    <ClCompile Include="..\..\Src\MeshRenderer_c.cpp">
      <Filter>Componentes\Graphics</Filter>
    </ClCompile>
    <ClCompile Include="..\..\Src\ObjectsFactory.cpp">
      <Filter>Kernel</Filter>
    </ClCompile>
    <ClCompile Include="..\..\Src\PhysicsManager.cpp">
      <Filter>Kernel\Managers</Filter>
    </ClCompile>
    <ClCompile Include="..\..\Src\PlaneRenderer_c.cpp">
      <Filter>Componentes\Graphics</Filter>
    </ClCompile>
    <ClCompile Include="..\..\Src\SceneManager.cpp">
      <Filter>Kernel\Managers</Filter>
    </ClCompile>
    <ClCompile Include="..\..\Src\SoundManager.cpp">
      <Filter>Kernel\Managers</Filter>
    </ClCompile>
    <ClCompile Include="..\..\Src\RigidBody_c.cpp">
      <Filter>Componentes\Physics</Filter>
    </ClCompile>
    <ClCompile Include="..\..\Src\Scene.cpp">
      <Filter>Kernel</Filter>
    </ClCompile>
    <ClCompile Include="..\..\Src\Sound.cpp">
      <Filter>Kernel</Filter>
    </ClCompile>
    <ClCompile Include="..\..\Src\Sound_c.cpp">
      <Filter>Componentes\Behaviour</Filter>
    </ClCompile>
    <ClCompile Include="..\..\Src\SoundListener_c.cpp">
      <Filter>Componentes\Behaviour</Filter>
    </ClCompile>
    <ClCompile Include="..\..\Src\SceneManager.cpp">
      <Filter>Kernel\Managers</Filter>
    </ClCompile>
    <ClCompile Include="..\..\Src\SoundManager.cpp">
      <Filter>Kernel\Managers</Filter>
    </ClCompile>
    <ClCompile Include="..\..\Src\Walker_c.cpp">
      <Filter>Componentes\Behaviour</Filter>
    </ClCompile>
    <ClCompile Include="..\..\Src\Weapon_c.cpp">
      <Filter>Componentes\Behaviour</Filter>
    </ClCompile>
    <ClCompile Include="..\..\Src\Transform_c.cpp">
      <Filter>Componentes\Physics</Filter>
    </ClCompile>
    <ClCompile Include="..\..\Src\Components.cpp" />
    <ClCompile Include="..\..\Src\PlayerController_c.cpp">
      <Filter>Componentes\Input</Filter>
    </ClCompile>
    <ClCompile Include="..\..\Src\SkyRenderer_c.cpp">
      <Filter>Componentes\Graphics</Filter>
    </ClCompile>
  </ItemGroup>
  <ItemGroup>
    <ClInclude Include="..\..\Src\GUIndilla.h" />
    <ClInclude Include="..\..\Src\Definitions.h" />
    <ClInclude Include="..\..\Src\rapidxml.hpp" />
    <ClInclude Include="..\..\Src\rapidxml_iterators.hpp" />
    <ClInclude Include="..\..\Src\rapidxml_print.hpp" />
    <ClInclude Include="..\..\Src\rapidxml_utils.hpp" />
    <ClInclude Include="..\..\Src\Sound.h" />
    <ClInclude Include="..\..\Src\TrashCollector.h" />
    <ClInclude Include="..\..\Src\Animation_c.h">
      <Filter>Componentes\Graphics</Filter>
    </ClInclude>
    <ClInclude Include="..\..\Src\Camera_c.h">
      <Filter>Componentes\Graphics</Filter>
    </ClInclude>
    <ClInclude Include="..\..\Src\CameraController_c.h">
      <Filter>Componentes\Input</Filter>
    </ClInclude>
    <ClInclude Include="..\..\Src\Collider_c.h">
      <Filter>Componentes\Physics</Filter>
    </ClInclude>
    <ClInclude Include="..\..\Src\Component.h">
      <Filter>Kernel</Filter>
    </ClInclude>
    <ClInclude Include="..\..\Src\ComponentsConstructors.h">
      <Filter>Kernel</Filter>
    </ClInclude>
    <ClInclude Include="..\..\Src\EnemyBehaviour.h">
      <Filter>Componentes\Behaviour</Filter>
    </ClInclude>
    <ClInclude Include="..\..\Src\Entity.h">
      <Filter>Kernel</Filter>
    </ClInclude>
    <ClInclude Include="..\..\Src\Game.h">
      <Filter>Kernel</Filter>
    </ClInclude>
    <ClInclude Include="..\..\Src\GameManager_c.h">
      <Filter>Kernel\Managers</Filter>
    </ClInclude>
    <ClInclude Include="..\..\Src\GraphicsManager.h">
      <Filter>Kernel\Managers</Filter>
    </ClInclude>
    <ClInclude Include="..\..\Src\GUIndilla.h">
      <Filter>Kernel</Filter>
    </ClInclude>
    <ClInclude Include="..\..\Src\InputManager.h">
      <Filter>Kernel\Managers</Filter>
    </ClInclude>
    <ClInclude Include="..\..\Src\MeshRenderer_c.h">
      <Filter>Componentes\Graphics</Filter>
    </ClInclude>
    <ClInclude Include="..\..\Src\SoundManager.h">
      <Filter>Kernel\Managers</Filter>
    </ClInclude>
    <ClInclude Include="..\..\Src\ObjectsFactory.h">
      <Filter>Kernel</Filter>
    </ClInclude>
    <ClInclude Include="..\..\Src\PhysicsManager.h">
      <Filter>Kernel\Managers</Filter>
    </ClInclude>
    <ClInclude Include="..\..\Src\PlaneRenderer_c.h">
      <Filter>Componentes\Graphics</Filter>
    </ClInclude>
    <ClInclude Include="..\..\Src\PlayerController_c.h">
      <Filter>Componentes\Input</Filter>
    </ClInclude>
    <ClInclude Include="..\..\Src\RigidBody_c.h">
      <Filter>Componentes\Physics</Filter>
    </ClInclude>
    <ClInclude Include="..\..\Src\Scene.h">
      <Filter>Kernel</Filter>
    </ClInclude>
    <ClInclude Include="..\..\Src\SoundListener_c.h">
      <Filter>Componentes\Behaviour</Filter>
    </ClInclude>
    <ClInclude Include="..\..\Src\Sound_c.h">
      <Filter>Componentes\Behaviour</Filter>
    </ClInclude>
    <ClInclude Include="..\..\Src\SceneManager.h">
      <Filter>Kernel\Managers</Filter>
    </ClInclude>
    <ClInclude Include="..\..\Src\SoundManager.h">
      <Filter>Kernel\Managers</Filter>
    </ClInclude>
    <ClInclude Include="..\..\Src\Weapon_c.h">
      <Filter>Componentes\Behaviour</Filter>
    </ClInclude>
    <ClInclude Include="..\..\Src\Walker_c.h">
      <Filter>Componentes\Behaviour</Filter>
    </ClInclude>
    <ClInclude Include="..\..\Src\Transform_c.h">
      <Filter>Componentes\Physics</Filter>
    </ClInclude>
    <ClInclude Include="..\..\Src\DataManager.h" />
    <ClInclude Include="..\..\Src\Notifications.h" />
    <ClInclude Include="..\..\Src\EnemyBehaviour.h">
      <Filter>Componentes\Behaviour</Filter>
    </ClInclude>
    <ClInclude Include="..\..\Src\EnemyBehaviour.h">
      <Filter>Componentes\Behaviour</Filter>
    </ClInclude>
    <ClInclude Include="SkyRenderer_c.h">
      <Filter>Componentes\Graphics</Filter>
    </ClInclude>
  </ItemGroup>
  <ItemGroup>
    <Filter Include="Kernel">
      <UniqueIdentifier>{2afb05fe-0020-413a-a6ce-2dd522ca06df}</UniqueIdentifier>
    </Filter>
    <Filter Include="Kernel\Managers">
      <UniqueIdentifier>{81443a0c-10c6-4761-8950-7d2a808ace89}</UniqueIdentifier>
    </Filter>
    <Filter Include="Componentes">
      <UniqueIdentifier>{72318aab-c93c-4920-8d3e-e0954898b721}</UniqueIdentifier>
    </Filter>
    <Filter Include="Componentes\Input">
      <UniqueIdentifier>{e26d40a5-ad43-43c2-b3fd-b4cbe5e98c08}</UniqueIdentifier>
    </Filter>
    <Filter Include="Componentes\Behaviour">
      <UniqueIdentifier>{49eb709c-8439-4ca6-9463-85bee7ecbb2d}</UniqueIdentifier>
    </Filter>
    <Filter Include="Componentes\Graphics">
      <UniqueIdentifier>{9a990ac3-e1e8-482e-a065-56220be141d3}</UniqueIdentifier>
    </Filter>
    <Filter Include="Componentes\Physics">
      <UniqueIdentifier>{57c5c3a9-089e-4dfe-8977-ddcc15f1d6a8}</UniqueIdentifier>
    </Filter>
  </ItemGroup>
</Project>