
Microsoft Visual Studio Solution File, Format Version 12.00
# Visual Studio 15
VisualStudioVersion = 15.0.27130.2036
MinimumVisualStudioVersion = 10.0.40219.1
Project("{8BC9CEB8-8B4A-11D0-8D11-00A0C91BC942}") = "Application", "Projects\Application\Application.vcxproj", "{41D4F585-BC8E-4D52-B33F-88A595432442}"
EndProject
Project("{54435603-DBB4-11D2-8724-00A0C9A8B90C}") = "Setup1", "Setup1\Setup1.vdproj", "{EB8FA111-D900-4063-AE3D-35902C21E50D}"
EndProject
Global
	GlobalSection(SolutionConfigurationPlatforms) = preSolution
		Debug|Any CPU = Debug|Any CPU
		Debug|Win32 = Debug|Win32
		Debug|x64 = Debug|x64
		MinSizeRel|Any CPU = MinSizeRel|Any CPU
		MinSizeRel|Win32 = MinSizeRel|Win32
		MinSizeRel|x64 = MinSizeRel|x64
		Release|Any CPU = Release|Any CPU
		Release|Win32 = Release|Win32
		Release|x64 = Release|x64
		RelWithDebInfo|Any CPU = RelWithDebInfo|Any CPU
		RelWithDebInfo|Win32 = RelWithDebInfo|Win32
		RelWithDebInfo|x64 = RelWithDebInfo|x64
	EndGlobalSection
	GlobalSection(ProjectConfigurationPlatforms) = postSolution
		{41D4F585-BC8E-4D52-B33F-88A595432442}.Debug|Any CPU.ActiveCfg = Debug|Win32
		{41D4F585-BC8E-4D52-B33F-88A595432442}.Debug|Win32.ActiveCfg = Debug|Win32
		{41D4F585-BC8E-4D52-B33F-88A595432442}.Debug|Win32.Build.0 = Debug|Win32
		{41D4F585-BC8E-4D52-B33F-88A595432442}.Debug|x64.ActiveCfg = Debug|Win32
		{41D4F585-BC8E-4D52-B33F-88A595432442}.MinSizeRel|Any CPU.ActiveCfg = Release|Win32
		{41D4F585-BC8E-4D52-B33F-88A595432442}.MinSizeRel|Any CPU.Build.0 = Release|Win32
		{41D4F585-BC8E-4D52-B33F-88A595432442}.MinSizeRel|Win32.ActiveCfg = Release|Win32
		{41D4F585-BC8E-4D52-B33F-88A595432442}.MinSizeRel|Win32.Build.0 = Release|Win32
		{41D4F585-BC8E-4D52-B33F-88A595432442}.MinSizeRel|x64.ActiveCfg = Release|Win32
		{41D4F585-BC8E-4D52-B33F-88A595432442}.MinSizeRel|x64.Build.0 = Release|Win32
		{41D4F585-BC8E-4D52-B33F-88A595432442}.Release|Any CPU.ActiveCfg = Release|Win32
		{41D4F585-BC8E-4D52-B33F-88A595432442}.Release|Win32.ActiveCfg = Release|Win32
		{41D4F585-BC8E-4D52-B33F-88A595432442}.Release|Win32.Build.0 = Release|Win32
		{41D4F585-BC8E-4D52-B33F-88A595432442}.Release|x64.ActiveCfg = Release|Win32
		{41D4F585-BC8E-4D52-B33F-88A595432442}.RelWithDebInfo|Any CPU.ActiveCfg = Release|Win32
		{41D4F585-BC8E-4D52-B33F-88A595432442}.RelWithDebInfo|Any CPU.Build.0 = Release|Win32
		{41D4F585-BC8E-4D52-B33F-88A595432442}.RelWithDebInfo|Win32.ActiveCfg = Release|Win32
		{41D4F585-BC8E-4D52-B33F-88A595432442}.RelWithDebInfo|Win32.Build.0 = Release|Win32
		{41D4F585-BC8E-4D52-B33F-88A595432442}.RelWithDebInfo|x64.ActiveCfg = Release|Win32
		{41D4F585-BC8E-4D52-B33F-88A595432442}.RelWithDebInfo|x64.Build.0 = Release|Win32
		{EB8FA111-D900-4063-AE3D-35902C21E50D}.Debug|Any CPU.ActiveCfg = Debug
		{EB8FA111-D900-4063-AE3D-35902C21E50D}.Debug|Win32.ActiveCfg = Debug
		{EB8FA111-D900-4063-AE3D-35902C21E50D}.Debug|x64.ActiveCfg = Debug
		{EB8FA111-D900-4063-AE3D-35902C21E50D}.MinSizeRel|Any CPU.ActiveCfg = Release
		{EB8FA111-D900-4063-AE3D-35902C21E50D}.MinSizeRel|Win32.ActiveCfg = Release
		{EB8FA111-D900-4063-AE3D-35902C21E50D}.MinSizeRel|x64.ActiveCfg = Release
		{EB8FA111-D900-4063-AE3D-35902C21E50D}.Release|Any CPU.ActiveCfg = Release
		{EB8FA111-D900-4063-AE3D-35902C21E50D}.Release|Win32.ActiveCfg = Release
		{EB8FA111-D900-4063-AE3D-35902C21E50D}.Release|x64.ActiveCfg = Release
		{EB8FA111-D900-4063-AE3D-35902C21E50D}.RelWithDebInfo|Any CPU.ActiveCfg = Release
		{EB8FA111-D900-4063-AE3D-35902C21E50D}.RelWithDebInfo|Win32.ActiveCfg = Release
		{EB8FA111-D900-4063-AE3D-35902C21E50D}.RelWithDebInfo|x64.ActiveCfg = Release
	EndGlobalSection
	GlobalSection(SolutionProperties) = preSolution
		HideSolutionNode = FALSE
	EndGlobalSection
	GlobalSection(ExtensibilityGlobals) = postSolution
		SolutionGuid = {A3DE8FED-F5F6-4079-A574-3AC5B60DFDE2}
	EndGlobalSection
EndGlobal
