<?xml version="1.0" encoding="utf-8"?>
<Project ToolsVersion="4.0" xmlns="http://schemas.microsoft.com/developer/msbuild/2003">
  <ItemGroup>
    <Filter Include="src">
      <UniqueIdentifier>{EAE31BAD-2D53-A449-B2C3-CAAF5A960363}</UniqueIdentifier>
    </Filter>
    <Filter Include="src\Bullet3Serialize">
      <UniqueIdentifier>{C92C369C-FE0A-8C43-AE0E-9A8EF9A2508D}</UniqueIdentifier>
    </Filter>
    <Filter Include="src\Bullet3Serialize\Bullet2FileLoader">
      <UniqueIdentifier>{3099AD92-2178-064B-8D33-1C9B9D1BE3B7}</UniqueIdentifier>
    </Filter>
    <Filter Include="src\Bullet3Serialize\Bullet2FileLoader\autogenerated">
      <UniqueIdentifier>{FABEDE5B-9B6C-FB40-AC43-663FA0663B79}</UniqueIdentifier>
    </Filter>
  </ItemGroup>
  <ItemGroup>
    <ClInclude Include="..\..\src\Bullet3Serialize\Bullet2FileLoader\b3BulletFile.h">
      <Filter>src\Bullet3Serialize\Bullet2FileLoader</Filter>
    </ClInclude>
    <ClInclude Include="..\..\src\Bullet3Serialize\Bullet2FileLoader\b3Chunk.h">
      <Filter>src\Bullet3Serialize\Bullet2FileLoader</Filter>
    </ClInclude>
    <ClInclude Include="..\..\src\Bullet3Serialize\Bullet2FileLoader\b3Common.h">
      <Filter>src\Bullet3Serialize\Bullet2FileLoader</Filter>
    </ClInclude>
    <ClInclude Include="..\..\src\Bullet3Serialize\Bullet2FileLoader\b3Defines.h">
      <Filter>src\Bullet3Serialize\Bullet2FileLoader</Filter>
    </ClInclude>
    <ClInclude Include="..\..\src\Bullet3Serialize\Bullet2FileLoader\b3DNA.h">
      <Filter>src\Bullet3Serialize\Bullet2FileLoader</Filter>
    </ClInclude>
    <ClInclude Include="..\..\src\Bullet3Serialize\Bullet2FileLoader\b3File.h">
      <Filter>src\Bullet3Serialize\Bullet2FileLoader</Filter>
    </ClInclude>
    <ClInclude Include="..\..\src\Bullet3Serialize\Bullet2FileLoader\b3Serializer.h">
      <Filter>src\Bullet3Serialize\Bullet2FileLoader</Filter>
    </ClInclude>
    <ClInclude Include="..\..\src\Bullet3Serialize\Bullet2FileLoader\autogenerated\bullet2.h">
      <Filter>src\Bullet3Serialize\Bullet2FileLoader\autogenerated</Filter>
    </ClInclude>
  </ItemGroup>
  <ItemGroup>
    <ClCompile Include="..\..\src\Bullet3Serialize\Bullet2FileLoader\b3BulletFile.cpp">
      <Filter>src\Bullet3Serialize\Bullet2FileLoader</Filter>
    </ClCompile>
    <ClCompile Include="..\..\src\Bullet3Serialize\Bullet2FileLoader\b3Chunk.cpp">
      <Filter>src\Bullet3Serialize\Bullet2FileLoader</Filter>
    </ClCompile>
    <ClCompile Include="..\..\src\Bullet3Serialize\Bullet2FileLoader\b3DNA.cpp">
      <Filter>src\Bullet3Serialize\Bullet2FileLoader</Filter>
    </ClCompile>
    <ClCompile Include="..\..\src\Bullet3Serialize\Bullet2FileLoader\b3File.cpp">
      <Filter>src\Bullet3Serialize\Bullet2FileLoader</Filter>
    </ClCompile>
    <ClCompile Include="..\..\src\Bullet3Serialize\Bullet2FileLoader\b3Serializer.cpp">
      <Filter>src\Bullet3Serialize\Bullet2FileLoader</Filter>
    </ClCompile>
  </ItemGroup>
</Project>
