<?xml version="1.0" encoding="utf-8"?>
<Project ToolsVersion="4.0" xmlns="http://schemas.microsoft.com/developer/msbuild/2003">
  <ItemGroup>
    <Filter Include="src">
      <UniqueIdentifier>{0242E10C-0AD4-4745-81DB-9F36A906CCFC}</UniqueIdentifier>
    </Filter>
    <Filter Include="src\Bullet3Geometry">
      <UniqueIdentifier>{B0D037F1-A36F-434D-82FF-791E78A963E8}</UniqueIdentifier>
    </Filter>
  </ItemGroup>
  <ItemGroup>
    <ClInclude Include="..\..\src\Bullet3Geometry\b3AabbUtil.h">
      <Filter>src\Bullet3Geometry</Filter>
    </ClInclude>
    <ClInclude Include="..\..\src\Bullet3Geometry\b3ConvexHullComputer.h">
      <Filter>src\Bullet3Geometry</Filter>
    </ClInclude>
    <ClInclude Include="..\..\src\Bullet3Geometry\b3GeometryUtil.h">
      <Filter>src\Bullet3Geometry</Filter>
    </ClInclude>
    <ClInclude Include="..\..\src\Bullet3Geometry\b3GrahamScan2dConvexHull.h">
      <Filter>src\Bullet3Geometry</Filter>
    </ClInclude>
  </ItemGroup>
  <ItemGroup>
    <ClCompile Include="..\..\src\Bullet3Geometry\b3ConvexHullComputer.cpp">
      <Filter>src\Bullet3Geometry</Filter>
    </ClCompile>
    <ClCompile Include="..\..\src\Bullet3Geometry\b3GeometryUtil.cpp">
      <Filter>src\Bullet3Geometry</Filter>
    </ClCompile>
  </ItemGroup>
</Project>
