<?xml version="1.0" encoding="utf-8"?>
<Project ToolsVersion="4.0" xmlns="http://schemas.microsoft.com/developer/msbuild/2003">
  <ItemGroup>
    <Filter Include="src">
      <UniqueIdentifier>{41ABEE94-5706-2A4E-8B8B-2DD9012A3A91}</UniqueIdentifier>
    </Filter>
    <Filter Include="src\BulletDynamics">
      <UniqueIdentifier>{C07CE485-2892-054C-AC7A-43F7BD39ACB8}</UniqueIdentifier>
    </Filter>
    <Filter Include="src\BulletDynamics\Dynamics">
      <UniqueIdentifier>{9AA794D7-D94A-684F-99F5-A12C5F9035B1}</UniqueIdentifier>
    </Filter>
    <Filter Include="src\BulletDynamics\ConstraintSolver">
      <UniqueIdentifier>{9E4B1644-3DA1-A443-BD4C-9F9CBC75AA40}</UniqueIdentifier>
    </Filter>
    <Filter Include="src\BulletDynamics\Featherstone">
      <UniqueIdentifier>{60400D2D-E232-4349-91A4-3AF48808D3CF}</UniqueIdentifier>
    </Filter>
    <Filter Include="src\BulletDynamics\MLCPSolvers">
      <UniqueIdentifier>{5ED6B2F5-D297-814E-B8F1-A038B444035F}</UniqueIdentifier>
    </Filter>
    <Filter Include="src\BulletDynamics\Vehicle">
      <UniqueIdentifier>{F9C72E5F-8491-324F-B619-1DD9EC0F62BA}</UniqueIdentifier>
    </Filter>
    <Filter Include="src\BulletDynamics\Character">
      <UniqueIdentifier>{AB88406F-B783-EB48-8FF1-E66D75934A17}</UniqueIdentifier>
    </Filter>
  </ItemGroup>
  <ItemGroup>
    <ClInclude Include="..\..\src\BulletDynamics\Dynamics\btActionInterface.h">
      <Filter>src\BulletDynamics\Dynamics</Filter>
    </ClInclude>
    <ClInclude Include="..\..\src\BulletDynamics\Dynamics\btDiscreteDynamicsWorld.h">
      <Filter>src\BulletDynamics\Dynamics</Filter>
    </ClInclude>
    <ClInclude Include="..\..\src\BulletDynamics\Dynamics\btDiscreteDynamicsWorldMt.h">
      <Filter>src\BulletDynamics\Dynamics</Filter>
    </ClInclude>
    <ClInclude Include="..\..\src\BulletDynamics\Dynamics\btDynamicsWorld.h">
      <Filter>src\BulletDynamics\Dynamics</Filter>
    </ClInclude>
    <ClInclude Include="..\..\src\BulletDynamics\Dynamics\btRigidBody.h">
      <Filter>src\BulletDynamics\Dynamics</Filter>
    </ClInclude>
    <ClInclude Include="..\..\src\BulletDynamics\Dynamics\btSimpleDynamicsWorld.h">
      <Filter>src\BulletDynamics\Dynamics</Filter>
    </ClInclude>
    <ClInclude Include="..\..\src\BulletDynamics\Dynamics\btSimulationIslandManagerMt.h">
      <Filter>src\BulletDynamics\Dynamics</Filter>
    </ClInclude>
    <ClInclude Include="..\..\src\BulletDynamics\ConstraintSolver\btConeTwistConstraint.h">
      <Filter>src\BulletDynamics\ConstraintSolver</Filter>
    </ClInclude>
    <ClInclude Include="..\..\src\BulletDynamics\ConstraintSolver\btConstraintSolver.h">
      <Filter>src\BulletDynamics\ConstraintSolver</Filter>
    </ClInclude>
    <ClInclude Include="..\..\src\BulletDynamics\ConstraintSolver\btContactConstraint.h">
      <Filter>src\BulletDynamics\ConstraintSolver</Filter>
    </ClInclude>
    <ClInclude Include="..\..\src\BulletDynamics\ConstraintSolver\btContactSolverInfo.h">
      <Filter>src\BulletDynamics\ConstraintSolver</Filter>
    </ClInclude>
    <ClInclude Include="..\..\src\BulletDynamics\ConstraintSolver\btFixedConstraint.h">
      <Filter>src\BulletDynamics\ConstraintSolver</Filter>
    </ClInclude>
    <ClInclude Include="..\..\src\BulletDynamics\ConstraintSolver\btGearConstraint.h">
      <Filter>src\BulletDynamics\ConstraintSolver</Filter>
    </ClInclude>
    <ClInclude Include="..\..\src\BulletDynamics\ConstraintSolver\btGeneric6DofConstraint.h">
      <Filter>src\BulletDynamics\ConstraintSolver</Filter>
    </ClInclude>
    <ClInclude Include="..\..\src\BulletDynamics\ConstraintSolver\btGeneric6DofSpring2Constraint.h">
      <Filter>src\BulletDynamics\ConstraintSolver</Filter>
    </ClInclude>
    <ClInclude Include="..\..\src\BulletDynamics\ConstraintSolver\btGeneric6DofSpringConstraint.h">
      <Filter>src\BulletDynamics\ConstraintSolver</Filter>
    </ClInclude>
    <ClInclude Include="..\..\src\BulletDynamics\ConstraintSolver\btHinge2Constraint.h">
      <Filter>src\BulletDynamics\ConstraintSolver</Filter>
    </ClInclude>
    <ClInclude Include="..\..\src\BulletDynamics\ConstraintSolver\btHingeConstraint.h">
      <Filter>src\BulletDynamics\ConstraintSolver</Filter>
    </ClInclude>
    <ClInclude Include="..\..\src\BulletDynamics\ConstraintSolver\btJacobianEntry.h">
      <Filter>src\BulletDynamics\ConstraintSolver</Filter>
    </ClInclude>
    <ClInclude Include="..\..\src\BulletDynamics\ConstraintSolver\btNNCGConstraintSolver.h">
      <Filter>src\BulletDynamics\ConstraintSolver</Filter>
    </ClInclude>
    <ClInclude Include="..\..\src\BulletDynamics\ConstraintSolver\btPoint2PointConstraint.h">
      <Filter>src\BulletDynamics\ConstraintSolver</Filter>
    </ClInclude>
    <ClInclude Include="..\..\src\BulletDynamics\ConstraintSolver\btSequentialImpulseConstraintSolver.h">
      <Filter>src\BulletDynamics\ConstraintSolver</Filter>
    </ClInclude>
    <ClInclude Include="..\..\src\BulletDynamics\ConstraintSolver\btSliderConstraint.h">
      <Filter>src\BulletDynamics\ConstraintSolver</Filter>
    </ClInclude>
    <ClInclude Include="..\..\src\BulletDynamics\ConstraintSolver\btSolve2LinearConstraint.h">
      <Filter>src\BulletDynamics\ConstraintSolver</Filter>
    </ClInclude>
    <ClInclude Include="..\..\src\BulletDynamics\ConstraintSolver\btSolverBody.h">
      <Filter>src\BulletDynamics\ConstraintSolver</Filter>
    </ClInclude>
    <ClInclude Include="..\..\src\BulletDynamics\ConstraintSolver\btSolverConstraint.h">
      <Filter>src\BulletDynamics\ConstraintSolver</Filter>
    </ClInclude>
    <ClInclude Include="..\..\src\BulletDynamics\ConstraintSolver\btTypedConstraint.h">
      <Filter>src\BulletDynamics\ConstraintSolver</Filter>
    </ClInclude>
    <ClInclude Include="..\..\src\BulletDynamics\ConstraintSolver\btUniversalConstraint.h">
      <Filter>src\BulletDynamics\ConstraintSolver</Filter>
    </ClInclude>
    <ClInclude Include="..\..\src\BulletDynamics\Featherstone\btMultiBody.h">
      <Filter>src\BulletDynamics\Featherstone</Filter>
    </ClInclude>
    <ClInclude Include="..\..\src\BulletDynamics\Featherstone\btMultiBodyConstraint.h">
      <Filter>src\BulletDynamics\Featherstone</Filter>
    </ClInclude>
    <ClInclude Include="..\..\src\BulletDynamics\Featherstone\btMultiBodyConstraintSolver.h">
      <Filter>src\BulletDynamics\Featherstone</Filter>
    </ClInclude>
    <ClInclude Include="..\..\src\BulletDynamics\Featherstone\btMultiBodyDynamicsWorld.h">
      <Filter>src\BulletDynamics\Featherstone</Filter>
    </ClInclude>
    <ClInclude Include="..\..\src\BulletDynamics\Featherstone\btMultiBodyFixedConstraint.h">
      <Filter>src\BulletDynamics\Featherstone</Filter>
    </ClInclude>
    <ClInclude Include="..\..\src\BulletDynamics\Featherstone\btMultiBodyGearConstraint.h">
      <Filter>src\BulletDynamics\Featherstone</Filter>
    </ClInclude>
    <ClInclude Include="..\..\src\BulletDynamics\Featherstone\btMultiBodyJointFeedback.h">
      <Filter>src\BulletDynamics\Featherstone</Filter>
    </ClInclude>
    <ClInclude Include="..\..\src\BulletDynamics\Featherstone\btMultiBodyJointLimitConstraint.h">
      <Filter>src\BulletDynamics\Featherstone</Filter>
    </ClInclude>
    <ClInclude Include="..\..\src\BulletDynamics\Featherstone\btMultiBodyJointMotor.h">
      <Filter>src\BulletDynamics\Featherstone</Filter>
    </ClInclude>
    <ClInclude Include="..\..\src\BulletDynamics\Featherstone\btMultiBodyLink.h">
      <Filter>src\BulletDynamics\Featherstone</Filter>
    </ClInclude>
    <ClInclude Include="..\..\src\BulletDynamics\Featherstone\btMultiBodyLinkCollider.h">
      <Filter>src\BulletDynamics\Featherstone</Filter>
    </ClInclude>
    <ClInclude Include="..\..\src\BulletDynamics\Featherstone\btMultiBodyPoint2Point.h">
      <Filter>src\BulletDynamics\Featherstone</Filter>
    </ClInclude>
    <ClInclude Include="..\..\src\BulletDynamics\Featherstone\btMultiBodySliderConstraint.h">
      <Filter>src\BulletDynamics\Featherstone</Filter>
    </ClInclude>
    <ClInclude Include="..\..\src\BulletDynamics\Featherstone\btMultiBodySolverConstraint.h">
      <Filter>src\BulletDynamics\Featherstone</Filter>
    </ClInclude>
    <ClInclude Include="..\..\src\BulletDynamics\MLCPSolvers\btDantzigLCP.h">
      <Filter>src\BulletDynamics\MLCPSolvers</Filter>
    </ClInclude>
    <ClInclude Include="..\..\src\BulletDynamics\MLCPSolvers\btDantzigSolver.h">
      <Filter>src\BulletDynamics\MLCPSolvers</Filter>
    </ClInclude>
    <ClInclude Include="..\..\src\BulletDynamics\MLCPSolvers\btLemkeAlgorithm.h">
      <Filter>src\BulletDynamics\MLCPSolvers</Filter>
    </ClInclude>
    <ClInclude Include="..\..\src\BulletDynamics\MLCPSolvers\btLemkeSolver.h">
      <Filter>src\BulletDynamics\MLCPSolvers</Filter>
    </ClInclude>
    <ClInclude Include="..\..\src\BulletDynamics\MLCPSolvers\btMLCPSolver.h">
      <Filter>src\BulletDynamics\MLCPSolvers</Filter>
    </ClInclude>
    <ClInclude Include="..\..\src\BulletDynamics\MLCPSolvers\btMLCPSolverInterface.h">
      <Filter>src\BulletDynamics\MLCPSolvers</Filter>
    </ClInclude>
    <ClInclude Include="..\..\src\BulletDynamics\MLCPSolvers\btPATHSolver.h">
      <Filter>src\BulletDynamics\MLCPSolvers</Filter>
    </ClInclude>
    <ClInclude Include="..\..\src\BulletDynamics\MLCPSolvers\btSolveProjectedGaussSeidel.h">
      <Filter>src\BulletDynamics\MLCPSolvers</Filter>
    </ClInclude>
    <ClInclude Include="..\..\src\BulletDynamics\Vehicle\btRaycastVehicle.h">
      <Filter>src\BulletDynamics\Vehicle</Filter>
    </ClInclude>
    <ClInclude Include="..\..\src\BulletDynamics\Vehicle\btVehicleRaycaster.h">
      <Filter>src\BulletDynamics\Vehicle</Filter>
    </ClInclude>
    <ClInclude Include="..\..\src\BulletDynamics\Vehicle\btWheelInfo.h">
      <Filter>src\BulletDynamics\Vehicle</Filter>
    </ClInclude>
    <ClInclude Include="..\..\src\BulletDynamics\Character\btCharacterControllerInterface.h">
      <Filter>src\BulletDynamics\Character</Filter>
    </ClInclude>
    <ClInclude Include="..\..\src\BulletDynamics\Character\btKinematicCharacterController.h">
      <Filter>src\BulletDynamics\Character</Filter>
    </ClInclude>
  </ItemGroup>
  <ItemGroup>
    <ClCompile Include="..\..\src\BulletDynamics\Dynamics\btDiscreteDynamicsWorld.cpp">
      <Filter>src\BulletDynamics\Dynamics</Filter>
    </ClCompile>
    <ClCompile Include="..\..\src\BulletDynamics\Dynamics\btDiscreteDynamicsWorldMt.cpp">
      <Filter>src\BulletDynamics\Dynamics</Filter>
    </ClCompile>
    <ClCompile Include="..\..\src\BulletDynamics\Dynamics\btRigidBody.cpp">
      <Filter>src\BulletDynamics\Dynamics</Filter>
    </ClCompile>
    <ClCompile Include="..\..\src\BulletDynamics\Dynamics\btSimpleDynamicsWorld.cpp">
      <Filter>src\BulletDynamics\Dynamics</Filter>
    </ClCompile>
    <ClCompile Include="..\..\src\BulletDynamics\Dynamics\btSimulationIslandManagerMt.cpp">
      <Filter>src\BulletDynamics\Dynamics</Filter>
    </ClCompile>
    <ClCompile Include="..\..\src\BulletDynamics\ConstraintSolver\btConeTwistConstraint.cpp">
      <Filter>src\BulletDynamics\ConstraintSolver</Filter>
    </ClCompile>
    <ClCompile Include="..\..\src\BulletDynamics\ConstraintSolver\btContactConstraint.cpp">
      <Filter>src\BulletDynamics\ConstraintSolver</Filter>
    </ClCompile>
    <ClCompile Include="..\..\src\BulletDynamics\ConstraintSolver\btFixedConstraint.cpp">
      <Filter>src\BulletDynamics\ConstraintSolver</Filter>
    </ClCompile>
    <ClCompile Include="..\..\src\BulletDynamics\ConstraintSolver\btGearConstraint.cpp">
      <Filter>src\BulletDynamics\ConstraintSolver</Filter>
    </ClCompile>
    <ClCompile Include="..\..\src\BulletDynamics\ConstraintSolver\btGeneric6DofConstraint.cpp">
      <Filter>src\BulletDynamics\ConstraintSolver</Filter>
    </ClCompile>
    <ClCompile Include="..\..\src\BulletDynamics\ConstraintSolver\btGeneric6DofSpring2Constraint.cpp">
      <Filter>src\BulletDynamics\ConstraintSolver</Filter>
    </ClCompile>
    <ClCompile Include="..\..\src\BulletDynamics\ConstraintSolver\btGeneric6DofSpringConstraint.cpp">
      <Filter>src\BulletDynamics\ConstraintSolver</Filter>
    </ClCompile>
    <ClCompile Include="..\..\src\BulletDynamics\ConstraintSolver\btHinge2Constraint.cpp">
      <Filter>src\BulletDynamics\ConstraintSolver</Filter>
    </ClCompile>
    <ClCompile Include="..\..\src\BulletDynamics\ConstraintSolver\btHingeConstraint.cpp">
      <Filter>src\BulletDynamics\ConstraintSolver</Filter>
    </ClCompile>
    <ClCompile Include="..\..\src\BulletDynamics\ConstraintSolver\btNNCGConstraintSolver.cpp">
      <Filter>src\BulletDynamics\ConstraintSolver</Filter>
    </ClCompile>
    <ClCompile Include="..\..\src\BulletDynamics\ConstraintSolver\btPoint2PointConstraint.cpp">
      <Filter>src\BulletDynamics\ConstraintSolver</Filter>
    </ClCompile>
    <ClCompile Include="..\..\src\BulletDynamics\ConstraintSolver\btSequentialImpulseConstraintSolver.cpp">
      <Filter>src\BulletDynamics\ConstraintSolver</Filter>
    </ClCompile>
    <ClCompile Include="..\..\src\BulletDynamics\ConstraintSolver\btSliderConstraint.cpp">
      <Filter>src\BulletDynamics\ConstraintSolver</Filter>
    </ClCompile>
    <ClCompile Include="..\..\src\BulletDynamics\ConstraintSolver\btSolve2LinearConstraint.cpp">
      <Filter>src\BulletDynamics\ConstraintSolver</Filter>
    </ClCompile>
    <ClCompile Include="..\..\src\BulletDynamics\ConstraintSolver\btTypedConstraint.cpp">
      <Filter>src\BulletDynamics\ConstraintSolver</Filter>
    </ClCompile>
    <ClCompile Include="..\..\src\BulletDynamics\ConstraintSolver\btUniversalConstraint.cpp">
      <Filter>src\BulletDynamics\ConstraintSolver</Filter>
    </ClCompile>
    <ClCompile Include="..\..\src\BulletDynamics\Featherstone\btMultiBody.cpp">
      <Filter>src\BulletDynamics\Featherstone</Filter>
    </ClCompile>
    <ClCompile Include="..\..\src\BulletDynamics\Featherstone\btMultiBodyConstraint.cpp">
      <Filter>src\BulletDynamics\Featherstone</Filter>
    </ClCompile>
    <ClCompile Include="..\..\src\BulletDynamics\Featherstone\btMultiBodyConstraintSolver.cpp">
      <Filter>src\BulletDynamics\Featherstone</Filter>
    </ClCompile>
    <ClCompile Include="..\..\src\BulletDynamics\Featherstone\btMultiBodyDynamicsWorld.cpp">
      <Filter>src\BulletDynamics\Featherstone</Filter>
    </ClCompile>
    <ClCompile Include="..\..\src\BulletDynamics\Featherstone\btMultiBodyFixedConstraint.cpp">
      <Filter>src\BulletDynamics\Featherstone</Filter>
    </ClCompile>
    <ClCompile Include="..\..\src\BulletDynamics\Featherstone\btMultiBodyGearConstraint.cpp">
      <Filter>src\BulletDynamics\Featherstone</Filter>
    </ClCompile>
    <ClCompile Include="..\..\src\BulletDynamics\Featherstone\btMultiBodyJointLimitConstraint.cpp">
      <Filter>src\BulletDynamics\Featherstone</Filter>
    </ClCompile>
    <ClCompile Include="..\..\src\BulletDynamics\Featherstone\btMultiBodyJointMotor.cpp">
      <Filter>src\BulletDynamics\Featherstone</Filter>
    </ClCompile>
    <ClCompile Include="..\..\src\BulletDynamics\Featherstone\btMultiBodyPoint2Point.cpp">
      <Filter>src\BulletDynamics\Featherstone</Filter>
    </ClCompile>
    <ClCompile Include="..\..\src\BulletDynamics\Featherstone\btMultiBodySliderConstraint.cpp">
      <Filter>src\BulletDynamics\Featherstone</Filter>
    </ClCompile>
    <ClCompile Include="..\..\src\BulletDynamics\MLCPSolvers\btDantzigLCP.cpp">
      <Filter>src\BulletDynamics\MLCPSolvers</Filter>
    </ClCompile>
    <ClCompile Include="..\..\src\BulletDynamics\MLCPSolvers\btLemkeAlgorithm.cpp">
      <Filter>src\BulletDynamics\MLCPSolvers</Filter>
    </ClCompile>
    <ClCompile Include="..\..\src\BulletDynamics\MLCPSolvers\btMLCPSolver.cpp">
      <Filter>src\BulletDynamics\MLCPSolvers</Filter>
    </ClCompile>
    <ClCompile Include="..\..\src\BulletDynamics\Vehicle\btRaycastVehicle.cpp">
      <Filter>src\BulletDynamics\Vehicle</Filter>
    </ClCompile>
    <ClCompile Include="..\..\src\BulletDynamics\Vehicle\btWheelInfo.cpp">
      <Filter>src\BulletDynamics\Vehicle</Filter>
    </ClCompile>
    <ClCompile Include="..\..\src\BulletDynamics\Character\btKinematicCharacterController.cpp">
      <Filter>src\BulletDynamics\Character</Filter>
    </ClCompile>
  </ItemGroup>
</Project>
