<?xml version="1.0" encoding="utf-8"?>
<Project ToolsVersion="4.0" xmlns="http://schemas.microsoft.com/developer/msbuild/2003">
  <ItemGroup>
    <Filter Include="test">
      <UniqueIdentifier>{AF7C078C-C4EC-1542-A857-30241F92B2BB}</UniqueIdentifier>
    </Filter>
    <Filter Include="test\clsocket">
      <UniqueIdentifier>{AA46281B-4DDA-914C-A3C4-3FA02C6D6A24}</UniqueIdentifier>
    </Filter>
  </ItemGroup>
  <ItemGroup>
    <ClCompile Include="..\..\test\clsocket\QueryDayTime.cpp">
      <Filter>test\clsocket</Filter>
    </ClCompile>
  </ItemGroup>
</Project>
