<?xml version="1.0" encoding="utf-8"?>
<Project ToolsVersion="4.0" xmlns="http://schemas.microsoft.com/developer/msbuild/2003">
  <ItemGroup>
    <Filter Include="test">
      <UniqueIdentifier>{B4983C15-46AE-1F4A-A6C1-95CD2AFE2589}</UniqueIdentifier>
    </Filter>
    <Filter Include="test\enet">
      <UniqueIdentifier>{05D1BD58-3908-B346-8506-1AAC8652FAF3}</UniqueIdentifier>
    </Filter>
    <Filter Include="test\enet\chat">
      <UniqueIdentifier>{60CF617A-1824-4C4C-88C0-55672D945B63}</UniqueIdentifier>
    </Filter>
    <Filter Include="test\enet\chat\client">
      <UniqueIdentifier>{B9C31E76-D0F5-6247-9C1E-CC6E70678852}</UniqueIdentifier>
    </Filter>
  </ItemGroup>
  <ItemGroup>
    <ClCompile Include="..\..\test\enet\chat\client\main.cpp">
      <Filter>test\enet\chat\client</Filter>
    </ClCompile>
  </ItemGroup>
</Project>
