<?xml version="1.0" encoding="utf-8"?>
<Project ToolsVersion="4.0" xmlns="http://schemas.microsoft.com/developer/msbuild/2003">
  <ItemGroup>
    <Filter Include="test">
      <UniqueIdentifier>{605B4EFA-9897-7947-9EF8-649ED3FF89EB}</UniqueIdentifier>
    </Filter>
    <Filter Include="test\enet">
      <UniqueIdentifier>{3B8EE9BC-804F-9341-AD09-593B3A36FB83}</UniqueIdentifier>
    </Filter>
    <Filter Include="test\enet\nat_punchthrough">
      <UniqueIdentifier>{98F84320-51C4-3B4A-9E25-3330D40BC75A}</UniqueIdentifier>
    </Filter>
    <Filter Include="test\enet\nat_punchthrough\client">
      <UniqueIdentifier>{46A32753-8B9C-E64F-84FB-852AE5B72E84}</UniqueIdentifier>
    </Filter>
  </ItemGroup>
  <ItemGroup>
    <ClCompile Include="..\..\test\enet\nat_punchthrough\client\main.cpp">
      <Filter>test\enet\nat_punchthrough\client</Filter>
    </ClCompile>
  </ItemGroup>
</Project>
