<?xml version="1.0" encoding="utf-8"?>
<Project ToolsVersion="4.0" xmlns="http://schemas.microsoft.com/developer/msbuild/2003">
  <ItemGroup>
    <Filter Include="test">
      <UniqueIdentifier>{780F435E-E1BF-BB49-9FA3-9FA081EAEEBD}</UniqueIdentifier>
    </Filter>
    <Filter Include="test\enet">
      <UniqueIdentifier>{0EA93FEB-9463-2543-827E-05D08FFF256C}</UniqueIdentifier>
    </Filter>
    <Filter Include="test\enet\chat">
      <UniqueIdentifier>{98C23049-16DA-4B4B-A043-56D6986B4AC5}</UniqueIdentifier>
    </Filter>
    <Filter Include="test\enet\chat\server">
      <UniqueIdentifier>{7D427330-97F3-214A-8922-BEEFD5A4A598}</UniqueIdentifier>
    </Filter>
  </ItemGroup>
  <ItemGroup>
    <ClCompile Include="..\..\test\enet\chat\server\main.cpp">
      <Filter>test\enet\chat\server</Filter>
    </ClCompile>
  </ItemGroup>
</Project>
